
Microsoft Visual Studio Solution File, Format Version 10.00
# Visual Studio 2008
Project("{F184B08F-C81C-45F6-A57F-5ABD9991F28F}") = "WebApplication3", "WebApplication3.vbproj", "{B6DF3D01-9C9C-4E79-82D8-F98380EC08D6}"
EndProject
Global
	GlobalSection(SolutionConfigurationPlatforms) = preSolution
		Debug|Any CPU = Debug|Any CPU
		Release|Any CPU = Release|Any CPU
	EndGlobalSection
	GlobalSection(ProjectConfigurationPlatforms) = postSolution
		{B6DF3D01-9C9C-4E79-82D8-F98380EC08D6}.Debug|Any CPU.ActiveCfg = Debug|Any CPU
		{B6DF3D01-9C9C-4E79-82D8-F98380EC08D6}.Debug|Any CPU.Build.0 = Debug|Any CPU
		{B6DF3D01-9C9C-4E79-82D8-F98380EC08D6}.Release|Any CPU.ActiveCfg = Release|Any CPU
		{B6DF3D01-9C9C-4E79-82D8-F98380EC08D6}.Release|Any CPU.Build.0 = Release|Any CPU
	EndGlobalSection
	GlobalSection(SolutionProperties) = preSolution
		HideSolutionNode = FALSE
	EndGlobalSection
EndGlobal
